
Microsoft Visual Studio Solution File, Format Version 12.00
# Visual Studio Version 16
VisualStudioVersion = 16.0.29318.209
MinimumVisualStudioVersion = 10.0.40219.1
Project("{FAE04EC0-301F-11D3-BF4B-00C04F79EFBC}") = "aehyok.Core.Web", "aehyok.Core.Web\aehyok.Core.Web.csproj", "{F5F121A3-86A1-4C1C-8ED1-C8FC6B645E4D}"
EndProject
Global
	GlobalSection(SolutionConfigurationPlatforms) = preSolution
		Debug|Any CPU = Debug|Any CPU
		Release|Any CPU = Release|Any CPU
	EndGlobalSection
	GlobalSection(ProjectConfigurationPlatforms) = postSolution
		{F5F121A3-86A1-4C1C-8ED1-C8FC6B645E4D}.Debug|Any CPU.ActiveCfg = Debug|Any CPU
		{F5F121A3-86A1-4C1C-8ED1-C8FC6B645E4D}.Debug|Any CPU.Build.0 = Debug|Any CPU
		{F5F121A3-86A1-4C1C-8ED1-C8FC6B645E4D}.Release|Any CPU.ActiveCfg = Release|Any CPU
		{F5F121A3-86A1-4C1C-8ED1-C8FC6B645E4D}.Release|Any CPU.Build.0 = Release|Any CPU
	EndGlobalSection
	GlobalSection(SolutionProperties) = preSolution
		HideSolutionNode = FALSE
	EndGlobalSection
	GlobalSection(ExtensibilityGlobals) = postSolution
		SolutionGuid = {CB6BFF8C-820B-492B-9134-6A1A1E7AF084}
	EndGlobalSection
EndGlobal
