
Microsoft Visual Studio Solution File, Format Version 12.00
# Visual Studio Version 16
VisualStudioVersion = 16.0.29318.209
MinimumVisualStudioVersion = 10.0.40219.1
Project("{9A19103F-16F7-4668-BE54-9A1E7A4F7556}") = "aehyok.Core.Web", "aehyok.Core.Web\aehyok.Core.Web.csproj", "{F5F121A3-86A1-4C1C-8ED1-C8FC6B645E4D}"
EndProject
Project("{9A19103F-16F7-4668-BE54-9A1E7A4F7556}") = "aehyok.Core.Repository", "aehyok.Core.Repository\aehyok.Core.Repository.csproj", "{A4D0047E-CFAC-49B1-A7CF-0242480CCF3D}"
EndProject
Project("{9A19103F-16F7-4668-BE54-9A1E7A4F7556}") = "aehyok.Core", "aehyok.Core\aehyok.Core.csproj", "{0D3BFC06-4A73-469E-83DD-03E7E97C1A7C}"
EndProject
Project("{9A19103F-16F7-4668-BE54-9A1E7A4F7556}") = "aehyok.Core.MySql", "aehyok.Core.MySql\aehyok.Core.MySql.csproj", "{E6C77199-BDA3-43BC-85A1-D688862882A3}"
EndProject
Project("{9A19103F-16F7-4668-BE54-9A1E7A4F7556}") = "aehyok.Core.IText", "aehyok.Core.IText\aehyok.Core.IText.csproj", "{1AE5647E-6243-4AC9-A797-23AEEFC2A1FB}"
EndProject
Project("{9A19103F-16F7-4668-BE54-9A1E7A4F7556}") = "aehyok.Core.AutoMapper", "aehyok.Core.AutoMapper\aehyok.Core.AutoMapper.csproj", "{1516BEDF-BB2E-43B1-8CE4-E96830E3F098}"
EndProject
Project("{9A19103F-16F7-4668-BE54-9A1E7A4F7556}") = "aehyok.Core.AI", "aehyok.Core.AI\aehyok.Core.AI.csproj", "{22E3E5C3-56A9-4BF2-AB0A-8539007BC9CC}"
EndProject
Project("{9A19103F-16F7-4668-BE54-9A1E7A4F7556}") = "aehyok.Core.RabbitMQ", "aehyok.Core.RabbitMQ\aehyok.Core.RabbitMQ.csproj", "{B0F2521E-57C2-4C88-91CC-B955ECDC7D18}"
EndProject
Project("{FAE04EC0-301F-11D3-BF4B-00C04F79EFBC}") = "aehyok.Core.WebApi", "aehyok.Core.WebApi\aehyok.Core.WebApi.csproj", "{B8F1932B-DE6A-4FC6-9586-A170DAC7D682}"
EndProject
Global
	GlobalSection(SolutionConfigurationPlatforms) = preSolution
		Debug|Any CPU = Debug|Any CPU
		Release|Any CPU = Release|Any CPU
	EndGlobalSection
	GlobalSection(ProjectConfigurationPlatforms) = postSolution
		{F5F121A3-86A1-4C1C-8ED1-C8FC6B645E4D}.Debug|Any CPU.ActiveCfg = Debug|Any CPU
		{F5F121A3-86A1-4C1C-8ED1-C8FC6B645E4D}.Debug|Any CPU.Build.0 = Debug|Any CPU
		{F5F121A3-86A1-4C1C-8ED1-C8FC6B645E4D}.Release|Any CPU.ActiveCfg = Release|Any CPU
		{F5F121A3-86A1-4C1C-8ED1-C8FC6B645E4D}.Release|Any CPU.Build.0 = Release|Any CPU
		{A4D0047E-CFAC-49B1-A7CF-0242480CCF3D}.Debug|Any CPU.ActiveCfg = Debug|Any CPU
		{A4D0047E-CFAC-49B1-A7CF-0242480CCF3D}.Debug|Any CPU.Build.0 = Debug|Any CPU
		{A4D0047E-CFAC-49B1-A7CF-0242480CCF3D}.Release|Any CPU.ActiveCfg = Release|Any CPU
		{A4D0047E-CFAC-49B1-A7CF-0242480CCF3D}.Release|Any CPU.Build.0 = Release|Any CPU
		{0D3BFC06-4A73-469E-83DD-03E7E97C1A7C}.Debug|Any CPU.ActiveCfg = Debug|Any CPU
		{0D3BFC06-4A73-469E-83DD-03E7E97C1A7C}.Debug|Any CPU.Build.0 = Debug|Any CPU
		{0D3BFC06-4A73-469E-83DD-03E7E97C1A7C}.Release|Any CPU.ActiveCfg = Release|Any CPU
		{0D3BFC06-4A73-469E-83DD-03E7E97C1A7C}.Release|Any CPU.Build.0 = Release|Any CPU
		{E6C77199-BDA3-43BC-85A1-D688862882A3}.Debug|Any CPU.ActiveCfg = Debug|Any CPU
		{E6C77199-BDA3-43BC-85A1-D688862882A3}.Debug|Any CPU.Build.0 = Debug|Any CPU
		{E6C77199-BDA3-43BC-85A1-D688862882A3}.Release|Any CPU.ActiveCfg = Release|Any CPU
		{E6C77199-BDA3-43BC-85A1-D688862882A3}.Release|Any CPU.Build.0 = Release|Any CPU
		{1AE5647E-6243-4AC9-A797-23AEEFC2A1FB}.Debug|Any CPU.ActiveCfg = Debug|Any CPU
		{1AE5647E-6243-4AC9-A797-23AEEFC2A1FB}.Debug|Any CPU.Build.0 = Debug|Any CPU
		{1AE5647E-6243-4AC9-A797-23AEEFC2A1FB}.Release|Any CPU.ActiveCfg = Release|Any CPU
		{1AE5647E-6243-4AC9-A797-23AEEFC2A1FB}.Release|Any CPU.Build.0 = Release|Any CPU
		{1516BEDF-BB2E-43B1-8CE4-E96830E3F098}.Debug|Any CPU.ActiveCfg = Debug|Any CPU
		{1516BEDF-BB2E-43B1-8CE4-E96830E3F098}.Debug|Any CPU.Build.0 = Debug|Any CPU
		{1516BEDF-BB2E-43B1-8CE4-E96830E3F098}.Release|Any CPU.ActiveCfg = Release|Any CPU
		{1516BEDF-BB2E-43B1-8CE4-E96830E3F098}.Release|Any CPU.Build.0 = Release|Any CPU
		{22E3E5C3-56A9-4BF2-AB0A-8539007BC9CC}.Debug|Any CPU.ActiveCfg = Debug|Any CPU
		{22E3E5C3-56A9-4BF2-AB0A-8539007BC9CC}.Debug|Any CPU.Build.0 = Debug|Any CPU
		{22E3E5C3-56A9-4BF2-AB0A-8539007BC9CC}.Release|Any CPU.ActiveCfg = Release|Any CPU
		{22E3E5C3-56A9-4BF2-AB0A-8539007BC9CC}.Release|Any CPU.Build.0 = Release|Any CPU
		{B0F2521E-57C2-4C88-91CC-B955ECDC7D18}.Debug|Any CPU.ActiveCfg = Debug|Any CPU
		{B0F2521E-57C2-4C88-91CC-B955ECDC7D18}.Debug|Any CPU.Build.0 = Debug|Any CPU
		{B0F2521E-57C2-4C88-91CC-B955ECDC7D18}.Release|Any CPU.ActiveCfg = Release|Any CPU
		{B0F2521E-57C2-4C88-91CC-B955ECDC7D18}.Release|Any CPU.Build.0 = Release|Any CPU
		{B8F1932B-DE6A-4FC6-9586-A170DAC7D682}.Debug|Any CPU.ActiveCfg = Debug|Any CPU
		{B8F1932B-DE6A-4FC6-9586-A170DAC7D682}.Debug|Any CPU.Build.0 = Debug|Any CPU
		{B8F1932B-DE6A-4FC6-9586-A170DAC7D682}.Release|Any CPU.ActiveCfg = Release|Any CPU
		{B8F1932B-DE6A-4FC6-9586-A170DAC7D682}.Release|Any CPU.Build.0 = Release|Any CPU
	EndGlobalSection
	GlobalSection(SolutionProperties) = preSolution
		HideSolutionNode = FALSE
	EndGlobalSection
	GlobalSection(ExtensibilityGlobals) = postSolution
		SolutionGuid = {CB6BFF8C-820B-492B-9134-6A1A1E7AF084}
	EndGlobalSection
EndGlobal
