
Microsoft Visual Studio Solution File, Format Version 12.00
# Visual Studio Version 17
VisualStudioVersion = 17.8.34309.116
MinimumVisualStudioVersion = 10.0.40219.1
Project("{9A19103F-16F7-4668-BE54-9A1E7A4F7556}") = "aehyok.SystemService", "aehyok.SystemService\aehyok.SystemService.csproj", "{CD2F5ED2-06D4-4BA6-8CF2-A77E08408EB0}"
EndProject
Project("{9A19103F-16F7-4668-BE54-9A1E7A4F7556}") = "aehyok.RabbitMQ", "Libraries\aehyok.RabbitMQ\aehyok.RabbitMQ.csproj", "{9F797E1A-4D68-41E4-8DDF-FC16946EB05F}"
EndProject
Project("{9A19103F-16F7-4668-BE54-9A1E7A4F7556}") = "aehyok.Infrastructure", "aehyok.Infrastructure\aehyok.Infrastructure.csproj", "{5C1256DA-06DC-45C2-85DE-B17B9B692B88}"
EndProject
Project("{9A19103F-16F7-4668-BE54-9A1E7A4F7556}") = "aehyok.EntityFramework", "Libraries\aehyok.EntityFramework\aehyok.EntityFramework.csproj", "{B1B36DB3-22C9-43F1-8977-9428B823916C}"
EndProject
Project("{9A19103F-16F7-4668-BE54-9A1E7A4F7556}") = "aehyok.Core", "aehyok.Core\aehyok.Core.csproj", "{AC89F4BA-C53E-4C94-82CD-F2E0C50AB8E1}"
EndProject
Project("{9A19103F-16F7-4668-BE54-9A1E7A4F7556}") = "aehyok.CronTask", "Libraries\aehyok.CronTask\aehyok.CronTask.csproj", "{B2AA95E3-48AF-4E72-B625-90983398B617}"
EndProject
Project("{9A19103F-16F7-4668-BE54-9A1E7A4F7556}") = "aehyok.Redis", "Libraries\aehyok.Redis\aehyok.Redis.csproj", "{27EDB534-DCB3-4AF4-B5ED-A11F0BE53BBE}"
EndProject
Project("{2150E333-8FDC-42A3-9474-1A3956D46DE8}") = "Libraries", "Libraries", "{49AADDBB-8F4E-4996-A5A1-C5624A7E4E9C}"
EndProject
Project("{9A19103F-16F7-4668-BE54-9A1E7A4F7556}") = "aehyok.Serilog", "aehyok.Serilog\aehyok.Serilog.csproj", "{744E4063-3A09-4AB3-8B6C-FC528BD61522}"
EndProject
Project("{2150E333-8FDC-42A3-9474-1A3956D46DE8}") = "Services", "Services", "{6F5755B4-B580-4480-A44D-891032C29691}"
EndProject
Project("{2150E333-8FDC-42A3-9474-1A3956D46DE8}") = "Basic", "Basic", "{ED65DDD8-F1A3-4497-A7A3-33978E61C83A}"
EndProject
Project("{2150E333-8FDC-42A3-9474-1A3956D46DE8}") = "NCDP", "NCDP", "{863D372F-CD5B-4E75-B2D9-7A9F0D4BF8DA}"
EndProject
Project("{9A19103F-16F7-4668-BE54-9A1E7A4F7556}") = "aehyok.NCDP", "Services\NCDP\aehyok.NCDP\aehyok.NCDP.csproj", "{D56D043F-29DF-4870-BE1F-435A23D3CC2E}"
EndProject
Project("{9A19103F-16F7-4668-BE54-9A1E7A4F7556}") = "aehyok.NCDP.Api", "Services\NCDP\aehyok.NCDP.Api\aehyok.NCDP.Api.csproj", "{76B8975A-9C72-43F1-926F-7F22D04E93C8}"
EndProject
Project("{9A19103F-16F7-4668-BE54-9A1E7A4F7556}") = "aehyok.Basic", "Services\Basic\aehyok.Basic\aehyok.Basic.csproj", "{CBC19F99-523D-4E21-A2E8-29251B9BB37F}"
EndProject
Project("{9A19103F-16F7-4668-BE54-9A1E7A4F7556}") = "aehyok.Basic.Api", "Services\Basic\aehyok.Basic.Api\aehyok.Basic.Api.csproj", "{03F8D3F0-31E3-4149-AF8C-F571A69A453E}"
EndProject
Project("{2150E333-8FDC-42A3-9474-1A3956D46DE8}") = "Docs", "Docs", "{8D102B9A-B984-498B-83BE-8A01CAE00695}"
	ProjectSection(SolutionItems) = preProject
		Docs\README.md = Docs\README.md
	EndProjectSection
EndProject
Project("{FAE04EC0-301F-11D3-BF4B-00C04F79EFBC}") = "aehyok.Swagger", "aehyok.Swagger\aehyok.Swagger.csproj", "{90A91E03-6CC6-488D-8AF9-6E5E4B4657E7}"
EndProject
Global
	GlobalSection(SolutionConfigurationPlatforms) = preSolution
		Debug|Any CPU = Debug|Any CPU
		Release|Any CPU = Release|Any CPU
	EndGlobalSection
	GlobalSection(ProjectConfigurationPlatforms) = postSolution
		{CD2F5ED2-06D4-4BA6-8CF2-A77E08408EB0}.Debug|Any CPU.ActiveCfg = Debug|Any CPU
		{CD2F5ED2-06D4-4BA6-8CF2-A77E08408EB0}.Debug|Any CPU.Build.0 = Debug|Any CPU
		{CD2F5ED2-06D4-4BA6-8CF2-A77E08408EB0}.Release|Any CPU.ActiveCfg = Release|Any CPU
		{CD2F5ED2-06D4-4BA6-8CF2-A77E08408EB0}.Release|Any CPU.Build.0 = Release|Any CPU
		{9F797E1A-4D68-41E4-8DDF-FC16946EB05F}.Debug|Any CPU.ActiveCfg = Debug|Any CPU
		{9F797E1A-4D68-41E4-8DDF-FC16946EB05F}.Debug|Any CPU.Build.0 = Debug|Any CPU
		{9F797E1A-4D68-41E4-8DDF-FC16946EB05F}.Release|Any CPU.ActiveCfg = Release|Any CPU
		{9F797E1A-4D68-41E4-8DDF-FC16946EB05F}.Release|Any CPU.Build.0 = Release|Any CPU
		{5C1256DA-06DC-45C2-85DE-B17B9B692B88}.Debug|Any CPU.ActiveCfg = Debug|Any CPU
		{5C1256DA-06DC-45C2-85DE-B17B9B692B88}.Debug|Any CPU.Build.0 = Debug|Any CPU
		{5C1256DA-06DC-45C2-85DE-B17B9B692B88}.Release|Any CPU.ActiveCfg = Release|Any CPU
		{5C1256DA-06DC-45C2-85DE-B17B9B692B88}.Release|Any CPU.Build.0 = Release|Any CPU
		{B1B36DB3-22C9-43F1-8977-9428B823916C}.Debug|Any CPU.ActiveCfg = Debug|Any CPU
		{B1B36DB3-22C9-43F1-8977-9428B823916C}.Debug|Any CPU.Build.0 = Debug|Any CPU
		{B1B36DB3-22C9-43F1-8977-9428B823916C}.Release|Any CPU.ActiveCfg = Release|Any CPU
		{B1B36DB3-22C9-43F1-8977-9428B823916C}.Release|Any CPU.Build.0 = Release|Any CPU
		{AC89F4BA-C53E-4C94-82CD-F2E0C50AB8E1}.Debug|Any CPU.ActiveCfg = Debug|Any CPU
		{AC89F4BA-C53E-4C94-82CD-F2E0C50AB8E1}.Debug|Any CPU.Build.0 = Debug|Any CPU
		{AC89F4BA-C53E-4C94-82CD-F2E0C50AB8E1}.Release|Any CPU.ActiveCfg = Release|Any CPU
		{AC89F4BA-C53E-4C94-82CD-F2E0C50AB8E1}.Release|Any CPU.Build.0 = Release|Any CPU
		{B2AA95E3-48AF-4E72-B625-90983398B617}.Debug|Any CPU.ActiveCfg = Debug|Any CPU
		{B2AA95E3-48AF-4E72-B625-90983398B617}.Debug|Any CPU.Build.0 = Debug|Any CPU
		{B2AA95E3-48AF-4E72-B625-90983398B617}.Release|Any CPU.ActiveCfg = Release|Any CPU
		{B2AA95E3-48AF-4E72-B625-90983398B617}.Release|Any CPU.Build.0 = Release|Any CPU
		{27EDB534-DCB3-4AF4-B5ED-A11F0BE53BBE}.Debug|Any CPU.ActiveCfg = Debug|Any CPU
		{27EDB534-DCB3-4AF4-B5ED-A11F0BE53BBE}.Debug|Any CPU.Build.0 = Debug|Any CPU
		{27EDB534-DCB3-4AF4-B5ED-A11F0BE53BBE}.Release|Any CPU.ActiveCfg = Release|Any CPU
		{27EDB534-DCB3-4AF4-B5ED-A11F0BE53BBE}.Release|Any CPU.Build.0 = Release|Any CPU
		{744E4063-3A09-4AB3-8B6C-FC528BD61522}.Debug|Any CPU.ActiveCfg = Debug|Any CPU
		{744E4063-3A09-4AB3-8B6C-FC528BD61522}.Debug|Any CPU.Build.0 = Debug|Any CPU
		{744E4063-3A09-4AB3-8B6C-FC528BD61522}.Release|Any CPU.ActiveCfg = Release|Any CPU
		{744E4063-3A09-4AB3-8B6C-FC528BD61522}.Release|Any CPU.Build.0 = Release|Any CPU
		{D56D043F-29DF-4870-BE1F-435A23D3CC2E}.Debug|Any CPU.ActiveCfg = Debug|Any CPU
		{D56D043F-29DF-4870-BE1F-435A23D3CC2E}.Debug|Any CPU.Build.0 = Debug|Any CPU
		{D56D043F-29DF-4870-BE1F-435A23D3CC2E}.Release|Any CPU.ActiveCfg = Release|Any CPU
		{D56D043F-29DF-4870-BE1F-435A23D3CC2E}.Release|Any CPU.Build.0 = Release|Any CPU
		{76B8975A-9C72-43F1-926F-7F22D04E93C8}.Debug|Any CPU.ActiveCfg = Debug|Any CPU
		{76B8975A-9C72-43F1-926F-7F22D04E93C8}.Debug|Any CPU.Build.0 = Debug|Any CPU
		{76B8975A-9C72-43F1-926F-7F22D04E93C8}.Release|Any CPU.ActiveCfg = Release|Any CPU
		{76B8975A-9C72-43F1-926F-7F22D04E93C8}.Release|Any CPU.Build.0 = Release|Any CPU
		{CBC19F99-523D-4E21-A2E8-29251B9BB37F}.Debug|Any CPU.ActiveCfg = Debug|Any CPU
		{CBC19F99-523D-4E21-A2E8-29251B9BB37F}.Debug|Any CPU.Build.0 = Debug|Any CPU
		{CBC19F99-523D-4E21-A2E8-29251B9BB37F}.Release|Any CPU.ActiveCfg = Release|Any CPU
		{CBC19F99-523D-4E21-A2E8-29251B9BB37F}.Release|Any CPU.Build.0 = Release|Any CPU
		{03F8D3F0-31E3-4149-AF8C-F571A69A453E}.Debug|Any CPU.ActiveCfg = Debug|Any CPU
		{03F8D3F0-31E3-4149-AF8C-F571A69A453E}.Debug|Any CPU.Build.0 = Debug|Any CPU
		{03F8D3F0-31E3-4149-AF8C-F571A69A453E}.Release|Any CPU.ActiveCfg = Release|Any CPU
		{03F8D3F0-31E3-4149-AF8C-F571A69A453E}.Release|Any CPU.Build.0 = Release|Any CPU
		{90A91E03-6CC6-488D-8AF9-6E5E4B4657E7}.Debug|Any CPU.ActiveCfg = Debug|Any CPU
		{90A91E03-6CC6-488D-8AF9-6E5E4B4657E7}.Debug|Any CPU.Build.0 = Debug|Any CPU
		{90A91E03-6CC6-488D-8AF9-6E5E4B4657E7}.Release|Any CPU.ActiveCfg = Release|Any CPU
		{90A91E03-6CC6-488D-8AF9-6E5E4B4657E7}.Release|Any CPU.Build.0 = Release|Any CPU
	EndGlobalSection
	GlobalSection(SolutionProperties) = preSolution
		HideSolutionNode = FALSE
	EndGlobalSection
	GlobalSection(NestedProjects) = preSolution
		{9F797E1A-4D68-41E4-8DDF-FC16946EB05F} = {49AADDBB-8F4E-4996-A5A1-C5624A7E4E9C}
		{B1B36DB3-22C9-43F1-8977-9428B823916C} = {49AADDBB-8F4E-4996-A5A1-C5624A7E4E9C}
		{B2AA95E3-48AF-4E72-B625-90983398B617} = {49AADDBB-8F4E-4996-A5A1-C5624A7E4E9C}
		{27EDB534-DCB3-4AF4-B5ED-A11F0BE53BBE} = {49AADDBB-8F4E-4996-A5A1-C5624A7E4E9C}
		{744E4063-3A09-4AB3-8B6C-FC528BD61522} = {49AADDBB-8F4E-4996-A5A1-C5624A7E4E9C}
		{ED65DDD8-F1A3-4497-A7A3-33978E61C83A} = {6F5755B4-B580-4480-A44D-891032C29691}
		{863D372F-CD5B-4E75-B2D9-7A9F0D4BF8DA} = {6F5755B4-B580-4480-A44D-891032C29691}
		{D56D043F-29DF-4870-BE1F-435A23D3CC2E} = {863D372F-CD5B-4E75-B2D9-7A9F0D4BF8DA}
		{76B8975A-9C72-43F1-926F-7F22D04E93C8} = {863D372F-CD5B-4E75-B2D9-7A9F0D4BF8DA}
		{CBC19F99-523D-4E21-A2E8-29251B9BB37F} = {ED65DDD8-F1A3-4497-A7A3-33978E61C83A}
		{03F8D3F0-31E3-4149-AF8C-F571A69A453E} = {ED65DDD8-F1A3-4497-A7A3-33978E61C83A}
		{90A91E03-6CC6-488D-8AF9-6E5E4B4657E7} = {49AADDBB-8F4E-4996-A5A1-C5624A7E4E9C}
	EndGlobalSection
	GlobalSection(ExtensibilityGlobals) = postSolution
		SolutionGuid = {4E8973E0-B073-4ED5-9BB9-57329D47A91C}
	EndGlobalSection
EndGlobal
